
Microsoft Visual Studio Solution File, Format Version 12.00
# Visual Studio Version 17
VisualStudioVersion = 17.13.35919.96
MinimumVisualStudioVersion = 10.0.40219.1
Project("{FAE04EC0-301F-11D3-BF4B-00C04F79EFBC}") = "PrazskaLitacka.Webapi", "PrazskaLitacka.Webapi\PrazskaLitacka.Webapi.csproj", "{378D4A46-951A-478D-97C0-59D61B1E7BE3}"
EndProject
Project("{FAE04EC0-301F-11D3-BF4B-00C04F79EFBC}") = "PrazskaLitacka.Domain", "PrazskaLitacka.Domain\PrazskaLitacka.Domain.csproj", "{8D4C7BFB-7F39-4F7B-8726-9093ECC27BEF}"
EndProject
Project("{FAE04EC0-301F-11D3-BF4B-00C04F79EFBC}") = "PrazskaLitacka.Infrastructure", "PrazskaLitacka.Infrastructure\PrazskaLitacka.Infrastructure.csproj", "{BA3E69CE-8D1B-4A90-8C29-0E0E3718A053}"
EndProject
Project("{FAE04EC0-301F-11D3-BF4B-00C04F79EFBC}") = "PrazskaLitacka.Infrastructure.Tests", "PrazskaLitacka.Infrastructure.Tests\PrazskaLitacka.Infrastructure.Tests.csproj", "{9A36A196-12B3-4C3D-AC1A-0B1DFABE552D}"
EndProject
Project("{FAE04EC0-301F-11D3-BF4B-00C04F79EFBC}") = "PrazskaLitacka.WebApi.Tests", "PrazskaLitacka.WebApi.Tests\PrazskaLitacka.WebApi.Tests.csproj", "{19370336-635A-4E47-B733-BE742265A6AD}"
EndProject
Global
	GlobalSection(SolutionConfigurationPlatforms) = preSolution
		Debug|Any CPU = Debug|Any CPU
		Release|Any CPU = Release|Any CPU
	EndGlobalSection
	GlobalSection(ProjectConfigurationPlatforms) = postSolution
		{378D4A46-951A-478D-97C0-59D61B1E7BE3}.Debug|Any CPU.ActiveCfg = Debug|Any CPU
		{378D4A46-951A-478D-97C0-59D61B1E7BE3}.Debug|Any CPU.Build.0 = Debug|Any CPU
		{378D4A46-951A-478D-97C0-59D61B1E7BE3}.Release|Any CPU.ActiveCfg = Release|Any CPU
		{378D4A46-951A-478D-97C0-59D61B1E7BE3}.Release|Any CPU.Build.0 = Release|Any CPU
		{8D4C7BFB-7F39-4F7B-8726-9093ECC27BEF}.Debug|Any CPU.ActiveCfg = Debug|Any CPU
		{8D4C7BFB-7F39-4F7B-8726-9093ECC27BEF}.Debug|Any CPU.Build.0 = Debug|Any CPU
		{8D4C7BFB-7F39-4F7B-8726-9093ECC27BEF}.Release|Any CPU.ActiveCfg = Release|Any CPU
		{8D4C7BFB-7F39-4F7B-8726-9093ECC27BEF}.Release|Any CPU.Build.0 = Release|Any CPU
		{BA3E69CE-8D1B-4A90-8C29-0E0E3718A053}.Debug|Any CPU.ActiveCfg = Debug|Any CPU
		{BA3E69CE-8D1B-4A90-8C29-0E0E3718A053}.Debug|Any CPU.Build.0 = Debug|Any CPU
		{BA3E69CE-8D1B-4A90-8C29-0E0E3718A053}.Release|Any CPU.ActiveCfg = Release|Any CPU
		{BA3E69CE-8D1B-4A90-8C29-0E0E3718A053}.Release|Any CPU.Build.0 = Release|Any CPU
		{9A36A196-12B3-4C3D-AC1A-0B1DFABE552D}.Debug|Any CPU.ActiveCfg = Debug|Any CPU
		{9A36A196-12B3-4C3D-AC1A-0B1DFABE552D}.Debug|Any CPU.Build.0 = Debug|Any CPU
		{9A36A196-12B3-4C3D-AC1A-0B1DFABE552D}.Release|Any CPU.ActiveCfg = Release|Any CPU
		{9A36A196-12B3-4C3D-AC1A-0B1DFABE552D}.Release|Any CPU.Build.0 = Release|Any CPU
		{19370336-635A-4E47-B733-BE742265A6AD}.Debug|Any CPU.ActiveCfg = Debug|Any CPU
		{19370336-635A-4E47-B733-BE742265A6AD}.Debug|Any CPU.Build.0 = Debug|Any CPU
		{19370336-635A-4E47-B733-BE742265A6AD}.Release|Any CPU.ActiveCfg = Release|Any CPU
		{19370336-635A-4E47-B733-BE742265A6AD}.Release|Any CPU.Build.0 = Release|Any CPU
	EndGlobalSection
	GlobalSection(SolutionProperties) = preSolution
		HideSolutionNode = FALSE
	EndGlobalSection
	GlobalSection(ExtensibilityGlobals) = postSolution
		SolutionGuid = {1BADE18D-A003-4F6A-973B-76D5B5CBC3A5}
	EndGlobalSection
EndGlobal
